schema: '2.0'
stages:
  preprocess:
    cmd: python -m src.data_preprocessing
    deps:
    - path: config.ini
      hash: md5
      md5: caa86f6338212f1916ff7520bcf9e018
      size: 735
    - path: data/raw/diabetes.csv
      hash: md5
      md5: f2906818eda8fcfc8f8416557ab1e6df
      size: 23873
    - path: src/config.py
      hash: md5
      md5: 7476875ecb5657df17a1664df884190d
      size: 1423
    - path: src/data_preprocessing.py
      hash: md5
      md5: 6f50728fbe443088c68d4663c32f8df4
      size: 7138
    - path: src/logger.py
      hash: md5
      md5: 14364359358d0b4ccb5a0ee97a86bdca
      size: 1195
  train:
    cmd: python -m src.train
    deps:
    - path: config.ini
      hash: md5
      md5: caa86f6338212f1916ff7520bcf9e018
      size: 735
    - path: data/processed/train.csv
      hash: md5
      md5: 80934fe5f52ea9d12ce698a42859f353
      size: 21826
    - path: data/processed/valid.csv
      hash: md5
      md5: 4e521a3cb10a19dc6ab486857ed4463d
      size: 4569
    - path: src/config.py
      hash: md5
      md5: 7476875ecb5657df17a1664df884190d
      size: 1423
    - path: src/logger.py
      hash: md5
      md5: 14364359358d0b4ccb5a0ee97a86bdca
      size: 1195
    - path: src/train.py
      hash: md5
      md5: ad302b68bd37848d0944685a1068a0d2
      size: 6019
    outs:
    - path: experiments/best_model/validation_metrics.json
      hash: md5
      md5: c23fa1da569b8e0394ab5164d140d4a3
      size: 352
